
Microsoft Visual Studio Solution File, Format Version 12.00
# Visual Studio Version 16
VisualStudioVersion = 16.0.32510.428
MinimumVisualStudioVersion = 10.0.40219.1
Project("{9A19103F-16F7-4668-BE54-9A1E7A4F7556}") = "BlazorPokedex.Client", "BlazorPokedex.Client\BlazorPokedex.Client.csproj", "{5DA5C8A5-0FBE-4567-A266-17F1FB638242}"
EndProject
Project("{9A19103F-16F7-4668-BE54-9A1E7A4F7556}") = "BlazorPokedex.Models", "BlazorPokedex.Models\BlazorPokedex.Models.csproj", "{28CE87CC-9CC5-4D85-8837-CC2649E00872}"
EndProject
Project("{9A19103F-16F7-4668-BE54-9A1E7A4F7556}") = "BlazorPokedex.Services", "BlazorPokedex.Services\BlazorPokedex.Services.csproj", "{FCC83F9D-B15F-4C08-BDB6-4715EF756C1B}"
EndProject
Global
	GlobalSection(SolutionConfigurationPlatforms) = preSolution
		Debug|Any CPU = Debug|Any CPU
		Release|Any CPU = Release|Any CPU
	EndGlobalSection
	GlobalSection(ProjectConfigurationPlatforms) = postSolution
		{5DA5C8A5-0FBE-4567-A266-17F1FB638242}.Debug|Any CPU.ActiveCfg = Debug|Any CPU
		{5DA5C8A5-0FBE-4567-A266-17F1FB638242}.Debug|Any CPU.Build.0 = Debug|Any CPU
		{5DA5C8A5-0FBE-4567-A266-17F1FB638242}.Release|Any CPU.ActiveCfg = Release|Any CPU
		{5DA5C8A5-0FBE-4567-A266-17F1FB638242}.Release|Any CPU.Build.0 = Release|Any CPU
		{28CE87CC-9CC5-4D85-8837-CC2649E00872}.Debug|Any CPU.ActiveCfg = Debug|Any CPU
		{28CE87CC-9CC5-4D85-8837-CC2649E00872}.Debug|Any CPU.Build.0 = Debug|Any CPU
		{28CE87CC-9CC5-4D85-8837-CC2649E00872}.Release|Any CPU.ActiveCfg = Release|Any CPU
		{28CE87CC-9CC5-4D85-8837-CC2649E00872}.Release|Any CPU.Build.0 = Release|Any CPU
		{FCC83F9D-B15F-4C08-BDB6-4715EF756C1B}.Debug|Any CPU.ActiveCfg = Debug|Any CPU
		{FCC83F9D-B15F-4C08-BDB6-4715EF756C1B}.Debug|Any CPU.Build.0 = Debug|Any CPU
		{FCC83F9D-B15F-4C08-BDB6-4715EF756C1B}.Release|Any CPU.ActiveCfg = Release|Any CPU
		{FCC83F9D-B15F-4C08-BDB6-4715EF756C1B}.Release|Any CPU.Build.0 = Release|Any CPU
	EndGlobalSection
	GlobalSection(SolutionProperties) = preSolution
		HideSolutionNode = FALSE
	EndGlobalSection
	GlobalSection(ExtensibilityGlobals) = postSolution
		SolutionGuid = {01A21704-B492-4693-9D83-86BF19B553DF}
	EndGlobalSection
EndGlobal
